
Microsoft Visual Studio Solution File, Format Version 12.00
# Visual Studio Version 16
VisualStudioVersion = 16.0.30104.148
MinimumVisualStudioVersion = 10.0.40219.1
Project("{FAE04EC0-301F-11D3-BF4B-00C04F79EFBC}") = "Banking", "Banking\Banking.csproj", "{020D2DE1-4234-4B62-AA30-89986244DC2D}"
EndProject
Project("{FAE04EC0-301F-11D3-BF4B-00C04F79EFBC}") = "BankingTest", "BankingTest\BankingTest.csproj", "{2FB6677A-8EED-4B0B-9B0F-A9D2FE94EFA5}"
EndProject
Global
	GlobalSection(SolutionConfigurationPlatforms) = preSolution
		Debug|Any CPU = Debug|Any CPU
		Release|Any CPU = Release|Any CPU
	EndGlobalSection
	GlobalSection(ProjectConfigurationPlatforms) = postSolution
		{020D2DE1-4234-4B62-AA30-89986244DC2D}.Debug|Any CPU.ActiveCfg = Debug|Any CPU
		{020D2DE1-4234-4B62-AA30-89986244DC2D}.Debug|Any CPU.Build.0 = Debug|Any CPU
		{020D2DE1-4234-4B62-AA30-89986244DC2D}.Release|Any CPU.ActiveCfg = Release|Any CPU
		{020D2DE1-4234-4B62-AA30-89986244DC2D}.Release|Any CPU.Build.0 = Release|Any CPU
		{2FB6677A-8EED-4B0B-9B0F-A9D2FE94EFA5}.Debug|Any CPU.ActiveCfg = Debug|Any CPU
		{2FB6677A-8EED-4B0B-9B0F-A9D2FE94EFA5}.Debug|Any CPU.Build.0 = Debug|Any CPU
		{2FB6677A-8EED-4B0B-9B0F-A9D2FE94EFA5}.Release|Any CPU.ActiveCfg = Release|Any CPU
		{2FB6677A-8EED-4B0B-9B0F-A9D2FE94EFA5}.Release|Any CPU.Build.0 = Release|Any CPU
	EndGlobalSection
	GlobalSection(SolutionProperties) = preSolution
		HideSolutionNode = FALSE
	EndGlobalSection
	GlobalSection(ExtensibilityGlobals) = postSolution
		SolutionGuid = {EB1F7EB0-9184-49AB-A185-06E644B25FE7}
	EndGlobalSection
EndGlobal
